
Microsoft Visual Studio Solution File, Format Version 12.00
# Visual Studio Version 17
VisualStudioVersion = 17.0.31423.177
MinimumVisualStudioVersion = 10.0.40219.1
Project("{2150E333-8FDC-42A3-9474-1A3956D46DE8}") = "SRC", "SRC", "{4FE76DF4-E90F-4BFC-AD11-16370A1D9850}"
EndProject
Project("{FAE04EC0-301F-11D3-BF4B-00C04F79EFBC}") = "MsgElf", "SRC\MsgElf\MsgElf.csproj", "{235EEE43-BB46-44B5-8382-24C9F6E313AA}"
EndProject
Project("{2150E333-8FDC-42A3-9474-1A3956D46DE8}") = "Modules", "Modules", "{1D03E963-15A1-431E-8A0D-98356A42F2EE}"
EndProject
Project("{FAE04EC0-301F-11D3-BF4B-00C04F79EFBC}") = "MsgElf.Home", "SRC\Modules\MsgElf.Home\MsgElf.Home.csproj", "{D2151E0E-4D44-45F1-9430-A6C83E02A8B7}"
EndProject
Project("{FAE04EC0-301F-11D3-BF4B-00C04F79EFBC}") = "MsgElf.Core", "SRC\MsgElf.Core\MsgElf.Core.csproj", "{4A948949-C75D-4552-9318-F30301F9E5C0}"
EndProject
Global
	GlobalSection(SolutionConfigurationPlatforms) = preSolution
		Debug|Any CPU = Debug|Any CPU
		Release|Any CPU = Release|Any CPU
	EndGlobalSection
	GlobalSection(ProjectConfigurationPlatforms) = postSolution
		{235EEE43-BB46-44B5-8382-24C9F6E313AA}.Debug|Any CPU.ActiveCfg = Debug|Any CPU
		{235EEE43-BB46-44B5-8382-24C9F6E313AA}.Debug|Any CPU.Build.0 = Debug|Any CPU
		{235EEE43-BB46-44B5-8382-24C9F6E313AA}.Release|Any CPU.ActiveCfg = Release|Any CPU
		{235EEE43-BB46-44B5-8382-24C9F6E313AA}.Release|Any CPU.Build.0 = Release|Any CPU
		{D2151E0E-4D44-45F1-9430-A6C83E02A8B7}.Debug|Any CPU.ActiveCfg = Debug|Any CPU
		{D2151E0E-4D44-45F1-9430-A6C83E02A8B7}.Debug|Any CPU.Build.0 = Debug|Any CPU
		{D2151E0E-4D44-45F1-9430-A6C83E02A8B7}.Release|Any CPU.ActiveCfg = Release|Any CPU
		{D2151E0E-4D44-45F1-9430-A6C83E02A8B7}.Release|Any CPU.Build.0 = Release|Any CPU
		{4A948949-C75D-4552-9318-F30301F9E5C0}.Debug|Any CPU.ActiveCfg = Debug|Any CPU
		{4A948949-C75D-4552-9318-F30301F9E5C0}.Debug|Any CPU.Build.0 = Debug|Any CPU
		{4A948949-C75D-4552-9318-F30301F9E5C0}.Release|Any CPU.ActiveCfg = Release|Any CPU
		{4A948949-C75D-4552-9318-F30301F9E5C0}.Release|Any CPU.Build.0 = Release|Any CPU
	EndGlobalSection
	GlobalSection(SolutionProperties) = preSolution
		HideSolutionNode = FALSE
	EndGlobalSection
	GlobalSection(NestedProjects) = preSolution
		{235EEE43-BB46-44B5-8382-24C9F6E313AA} = {4FE76DF4-E90F-4BFC-AD11-16370A1D9850}
		{1D03E963-15A1-431E-8A0D-98356A42F2EE} = {4FE76DF4-E90F-4BFC-AD11-16370A1D9850}
		{D2151E0E-4D44-45F1-9430-A6C83E02A8B7} = {1D03E963-15A1-431E-8A0D-98356A42F2EE}
	EndGlobalSection
	GlobalSection(ExtensibilityGlobals) = postSolution
		SolutionGuid = {26212F20-655B-4CEB-B43A-E8213E54038E}
	EndGlobalSection
EndGlobal
